
Microsoft Visual Studio Solution File, Format Version 12.00
# Visual Studio Version 16
VisualStudioVersion = 16.0.30114.105
MinimumVisualStudioVersion = 10.0.40219.1
Project("{FAE04EC0-301F-11D3-BF4B-00C04F79EFBC}") = "ChatApp", "ChatApp\ChatApp.csproj", "{7371EBFD-3F15-4180-9E5C-9CD01F0F680D}"
EndProject
Project("{FAE04EC0-301F-11D3-BF4B-00C04F79EFBC}") = "Mensseger", "Mensseger\Mensseger.csproj", "{F9926382-4EF5-41A0-9338-BDEA098EC5A3}"
EndProject
Global
	GlobalSection(SolutionConfigurationPlatforms) = preSolution
		Debug|Any CPU = Debug|Any CPU
		Release|Any CPU = Release|Any CPU
	EndGlobalSection
	GlobalSection(ProjectConfigurationPlatforms) = postSolution
		{7371EBFD-3F15-4180-9E5C-9CD01F0F680D}.Debug|Any CPU.ActiveCfg = Debug|Any CPU
		{7371EBFD-3F15-4180-9E5C-9CD01F0F680D}.Debug|Any CPU.Build.0 = Debug|Any CPU
		{7371EBFD-3F15-4180-9E5C-9CD01F0F680D}.Release|Any CPU.ActiveCfg = Release|Any CPU
		{7371EBFD-3F15-4180-9E5C-9CD01F0F680D}.Release|Any CPU.Build.0 = Release|Any CPU
		{F9926382-4EF5-41A0-9338-BDEA098EC5A3}.Debug|Any CPU.ActiveCfg = Debug|Any CPU
		{F9926382-4EF5-41A0-9338-BDEA098EC5A3}.Debug|Any CPU.Build.0 = Debug|Any CPU
		{F9926382-4EF5-41A0-9338-BDEA098EC5A3}.Release|Any CPU.ActiveCfg = Release|Any CPU
		{F9926382-4EF5-41A0-9338-BDEA098EC5A3}.Release|Any CPU.Build.0 = Release|Any CPU
	EndGlobalSection
	GlobalSection(SolutionProperties) = preSolution
		HideSolutionNode = FALSE
	EndGlobalSection
	GlobalSection(ExtensibilityGlobals) = postSolution
		SolutionGuid = {4D517A37-3B90-4DCD-A57D-4D9A3A6F49B1}
	EndGlobalSection
EndGlobal
