
Microsoft Visual Studio Solution File, Format Version 12.00
# Visual Studio Version 16
VisualStudioVersion = 16.0.30114.105
MinimumVisualStudioVersion = 10.0.40219.1
Project("{FAE04EC0-301F-11D3-BF4B-00C04F79EFBC}") = "ReproductorMultimedia", "ReproductorMultimedia\ReproductorMultimedia.csproj", "{B4FFDF47-0BAA-44A2-B9E7-B056D7E17C4E}"
EndProject
Global
	GlobalSection(SolutionConfigurationPlatforms) = preSolution
		Debug|Any CPU = Debug|Any CPU
		Release|Any CPU = Release|Any CPU
	EndGlobalSection
	GlobalSection(ProjectConfigurationPlatforms) = postSolution
		{B4FFDF47-0BAA-44A2-B9E7-B056D7E17C4E}.Debug|Any CPU.ActiveCfg = Debug|Any CPU
		{B4FFDF47-0BAA-44A2-B9E7-B056D7E17C4E}.Debug|Any CPU.Build.0 = Debug|Any CPU
		{B4FFDF47-0BAA-44A2-B9E7-B056D7E17C4E}.Release|Any CPU.ActiveCfg = Release|Any CPU
		{B4FFDF47-0BAA-44A2-B9E7-B056D7E17C4E}.Release|Any CPU.Build.0 = Release|Any CPU
	EndGlobalSection
	GlobalSection(SolutionProperties) = preSolution
		HideSolutionNode = FALSE
	EndGlobalSection
	GlobalSection(ExtensibilityGlobals) = postSolution
		SolutionGuid = {63ADAC16-F853-4480-B14A-8251FA1E18F4}
	EndGlobalSection
EndGlobal
